
Microsoft Visual Studio Solution File, Format Version 12.00
# Visual Studio 15
VisualStudioVersion = 15.0.27130.2027
MinimumVisualStudioVersion = 10.0.40219.1
Project("{8BC9CEB8-8B4A-11D0-8D11-00A0C91BC942}") = "stk_about", "stk_about.vcxproj", "{416B9FF2-02F0-47E1-808E-F283D2C62358}"
EndProject
Global
	GlobalSection(SolutionConfigurationPlatforms) = preSolution
		Debug|Win32 = Debug|Win32
		Release|Win32 = Release|Win32
	EndGlobalSection
	GlobalSection(ProjectConfigurationPlatforms) = postSolution
		{416B9FF2-02F0-47E1-808E-F283D2C62358}.Debug|Win32.ActiveCfg = Debug|Win32
		{416B9FF2-02F0-47E1-808E-F283D2C62358}.Debug|Win32.Build.0 = Debug|Win32
		{416B9FF2-02F0-47E1-808E-F283D2C62358}.Release|Win32.ActiveCfg = Release|Win32
		{416B9FF2-02F0-47E1-808E-F283D2C62358}.Release|Win32.Build.0 = Release|Win32
	EndGlobalSection
	GlobalSection(SolutionProperties) = preSolution
		HideSolutionNode = FALSE
	EndGlobalSection
	GlobalSection(ExtensibilityGlobals) = postSolution
		SolutionGuid = {F828FEA6-43E0-4B8B-AFA5-B542B99FFEDC}
	EndGlobalSection
EndGlobal
