
Microsoft Visual Studio Solution File, Format Version 12.00
# Visual Studio 15
VisualStudioVersion = 15.0.27130.2027
MinimumVisualStudioVersion = 10.0.40219.1
Project("{8BC9CEB8-8B4A-11D0-8D11-00A0C91BC942}") = "stkfw", "stklibtest.vcxproj", "{A2B58C10-8C98-4EA0-A7DC-8DA33D4F8EE4}"
	ProjectSection(ProjectDependencies) = postProject
		{CC482842-6B46-401A-9911-E6A7D084AB26} = {CC482842-6B46-401A-9911-E6A7D084AB26}
	EndProjectSection
EndProject
Project("{8BC9CEB8-8B4A-11D0-8D11-00A0C91BC942}") = "stklib", "..\stklib\stklib.vcxproj", "{E6515A67-EB9D-4F9D-801C-305CEB62FDF2}"
EndProject
Project("{8BC9CEB8-8B4A-11D0-8D11-00A0C91BC942}") = "stkdata", "..\..\..\YaizuComLib\src\stkdata\stkdata.vcxproj", "{83E294F2-A071-4ECC-BAE2-B5F127DD537E}"
	ProjectSection(ProjectDependencies) = postProject
		{CC482842-6B46-401A-9911-E6A7D084AB26} = {CC482842-6B46-401A-9911-E6A7D084AB26}
	EndProjectSection
EndProject
Project("{8BC9CEB8-8B4A-11D0-8D11-00A0C91BC942}") = "stksocket", "..\..\..\YaizuComLib\src\stksocket\stksocket.vcxproj", "{3839D168-00F8-420A-BAE6-AB290802FFC7}"
	ProjectSection(ProjectDependencies) = postProject
		{CC482842-6B46-401A-9911-E6A7D084AB26} = {CC482842-6B46-401A-9911-E6A7D084AB26}
	EndProjectSection
EndProject
Project("{8BC9CEB8-8B4A-11D0-8D11-00A0C91BC942}") = "stkthread", "..\..\..\YaizuComLib\src\stkthread\stkthread.vcxproj", "{C85C9417-1312-4A69-B254-B4F041A9D9C1}"
	ProjectSection(ProjectDependencies) = postProject
		{CC482842-6B46-401A-9911-E6A7D084AB26} = {CC482842-6B46-401A-9911-E6A7D084AB26}
	EndProjectSection
EndProject
Project("{8BC9CEB8-8B4A-11D0-8D11-00A0C91BC942}") = "stkthreadgui", "..\..\..\YaizuComLib\src\stkthreadgui\stkthreadgui.vcxproj", "{B9A3808F-C8FF-42C4-9F67-8C4274AEE32D}"
EndProject
Project("{8BC9CEB8-8B4A-11D0-8D11-00A0C91BC942}") = "commonfunc", "..\..\..\YaizuComLib\src\commonfunc\commonfunc.vcxproj", "{8061DCB2-52A6-462E-8955-FCFE6F7A7D41}"
	ProjectSection(ProjectDependencies) = postProject
		{CC482842-6B46-401A-9911-E6A7D084AB26} = {CC482842-6B46-401A-9911-E6A7D084AB26}
	EndProjectSection
EndProject
Project("{8BC9CEB8-8B4A-11D0-8D11-00A0C91BC942}") = "stk_about", "..\stk_about\stk_about.vcxproj", "{416B9FF2-02F0-47E1-808E-F283D2C62358}"
EndProject
Project("{8BC9CEB8-8B4A-11D0-8D11-00A0C91BC942}") = "stkpl", "..\..\..\YaizuComLib\src\stkpl\stkpl.vcxproj", "{CC482842-6B46-401A-9911-E6A7D084AB26}"
EndProject
Global
	GlobalSection(SolutionConfigurationPlatforms) = preSolution
		Debug|x64 = Debug|x64
		Release|x64 = Release|x64
	EndGlobalSection
	GlobalSection(ProjectConfigurationPlatforms) = postSolution
		{A2B58C10-8C98-4EA0-A7DC-8DA33D4F8EE4}.Debug|x64.ActiveCfg = Debug|x64
		{A2B58C10-8C98-4EA0-A7DC-8DA33D4F8EE4}.Debug|x64.Build.0 = Debug|x64
		{A2B58C10-8C98-4EA0-A7DC-8DA33D4F8EE4}.Release|x64.ActiveCfg = Release|x64
		{A2B58C10-8C98-4EA0-A7DC-8DA33D4F8EE4}.Release|x64.Build.0 = Release|x64
		{E6515A67-EB9D-4F9D-801C-305CEB62FDF2}.Debug|x64.ActiveCfg = Debug|x64
		{E6515A67-EB9D-4F9D-801C-305CEB62FDF2}.Debug|x64.Build.0 = Debug|x64
		{E6515A67-EB9D-4F9D-801C-305CEB62FDF2}.Release|x64.ActiveCfg = Release|x64
		{E6515A67-EB9D-4F9D-801C-305CEB62FDF2}.Release|x64.Build.0 = Release|x64
		{83E294F2-A071-4ECC-BAE2-B5F127DD537E}.Debug|x64.ActiveCfg = Debug|x64
		{83E294F2-A071-4ECC-BAE2-B5F127DD537E}.Debug|x64.Build.0 = Debug|x64
		{83E294F2-A071-4ECC-BAE2-B5F127DD537E}.Release|x64.ActiveCfg = Release|x64
		{83E294F2-A071-4ECC-BAE2-B5F127DD537E}.Release|x64.Build.0 = Release|x64
		{3839D168-00F8-420A-BAE6-AB290802FFC7}.Debug|x64.ActiveCfg = Debug|x64
		{3839D168-00F8-420A-BAE6-AB290802FFC7}.Debug|x64.Build.0 = Debug|x64
		{3839D168-00F8-420A-BAE6-AB290802FFC7}.Release|x64.ActiveCfg = Release|x64
		{3839D168-00F8-420A-BAE6-AB290802FFC7}.Release|x64.Build.0 = Release|x64
		{C85C9417-1312-4A69-B254-B4F041A9D9C1}.Debug|x64.ActiveCfg = Debug|x64
		{C85C9417-1312-4A69-B254-B4F041A9D9C1}.Debug|x64.Build.0 = Debug|x64
		{C85C9417-1312-4A69-B254-B4F041A9D9C1}.Release|x64.ActiveCfg = Release|x64
		{C85C9417-1312-4A69-B254-B4F041A9D9C1}.Release|x64.Build.0 = Release|x64
		{B9A3808F-C8FF-42C4-9F67-8C4274AEE32D}.Debug|x64.ActiveCfg = Debug|x64
		{B9A3808F-C8FF-42C4-9F67-8C4274AEE32D}.Debug|x64.Build.0 = Debug|x64
		{B9A3808F-C8FF-42C4-9F67-8C4274AEE32D}.Release|x64.ActiveCfg = Release|x64
		{B9A3808F-C8FF-42C4-9F67-8C4274AEE32D}.Release|x64.Build.0 = Release|x64
		{8061DCB2-52A6-462E-8955-FCFE6F7A7D41}.Debug|x64.ActiveCfg = Debug|x64
		{8061DCB2-52A6-462E-8955-FCFE6F7A7D41}.Debug|x64.Build.0 = Debug|x64
		{8061DCB2-52A6-462E-8955-FCFE6F7A7D41}.Release|x64.ActiveCfg = Release|x64
		{8061DCB2-52A6-462E-8955-FCFE6F7A7D41}.Release|x64.Build.0 = Release|x64
		{416B9FF2-02F0-47E1-808E-F283D2C62358}.Debug|x64.ActiveCfg = Debug|x64
		{416B9FF2-02F0-47E1-808E-F283D2C62358}.Debug|x64.Build.0 = Debug|x64
		{416B9FF2-02F0-47E1-808E-F283D2C62358}.Release|x64.ActiveCfg = Release|x64
		{416B9FF2-02F0-47E1-808E-F283D2C62358}.Release|x64.Build.0 = Release|x64
		{CC482842-6B46-401A-9911-E6A7D084AB26}.Debug|x64.ActiveCfg = Debug|x64
		{CC482842-6B46-401A-9911-E6A7D084AB26}.Debug|x64.Build.0 = Debug|x64
		{CC482842-6B46-401A-9911-E6A7D084AB26}.Release|x64.ActiveCfg = Release|x64
		{CC482842-6B46-401A-9911-E6A7D084AB26}.Release|x64.Build.0 = Release|x64
	EndGlobalSection
	GlobalSection(SolutionProperties) = preSolution
		HideSolutionNode = FALSE
	EndGlobalSection
	GlobalSection(ExtensibilityGlobals) = postSolution
		SolutionGuid = {09D4C258-B5A4-4F52-88FD-017C87EDFD9A}
	EndGlobalSection
EndGlobal
